// !$*UTF8*$!
{
	archiveVersion = 1;
	classes = {
	};
	objectVersion = 46;
	objects = {

/* Begin PBXBuildFile section */
		43EF61D017A983E000F5C115 /* UIKit.framework in Frameworks */ = {isa = PBXBuildFile; fileRef = 43EF61CF17A983E000F5C115 /* UIKit.framework */; };
		43EF61D217A983E000F5C115 /* Foundation.framework in Frameworks */ = {isa = PBXBuildFile; fileRef = 43EF61D117A983E000F5C115 /* Foundation.framework */; };
		43EF61D417A983E000F5C115 /* CoreGraphics.framework in Frameworks */ = {isa = PBXBuildFile; fileRef = 43EF61D317A983E000F5C115 /* CoreGraphics.framework */; };
		43EF61DA17A983E000F5C115 /* InfoPlist.strings in Resources */ = {isa = PBXBuildFile; fileRef = 43EF61D817A983E000F5C115 /* InfoPlist.strings */; };
		43EF61DC17A983E000F5C115 /* main.m in Sources */ = {isa = PBXBuildFile; fileRef = 43EF61DB17A983E000F5C115 /* main.m */; };
		43EF61E017A983E000F5C115 /* ELSAppDelegate.m in Sources */ = {isa = PBXBuildFile; fileRef = 43EF61DF17A983E000F5C115 /* ELSAppDelegate.m */; };
		43EF61E917A983E000F5C115 /* MainStoryboard_iPhone.storyboard in Resources */ = {isa = PBXBuildFile; fileRef = 43EF61E717A983E000F5C115 /* MainStoryboard_iPhone.storyboard */; };
		43EF61EC17A983E000F5C115 /* MainStoryboard_iPad.storyboard in Resources */ = {isa = PBXBuildFile; fileRef = 43EF61EA17A983E000F5C115 /* MainStoryboard_iPad.storyboard */; };
		43EF61EF17A983E000F5C115 /* ELSViewController.m in Sources */ = {isa = PBXBuildFile; fileRef = 43EF61EE17A983E000F5C115 /* ELSViewController.m */; };
		43EF620F17A98B1C00F5C115 /* btn_back.png in Resources */ = {isa = PBXBuildFile; fileRef = 43EF61FF17A98B1C00F5C115 /* btn_back.png */; };
		43EF621017A98B1C00F5C115 /* btn_edit.png in Resources */ = {isa = PBXBuildFile; fileRef = 43EF620017A98B1C00F5C115 /* btn_edit.png */; };
		43EF621117A98B1C00F5C115 /* btn_no.png in Resources */ = {isa = PBXBuildFile; fileRef = 43EF620117A98B1C00F5C115 /* btn_no.png */; };
		43EF621217A98B1C00F5C115 /* btn_no_mini.png in Resources */ = {isa = PBXBuildFile; fileRef = 43EF620217A98B1C00F5C115 /* btn_no_mini.png */; };
		43EF621317A98B1C00F5C115 /* btn_ok.png in Resources */ = {isa = PBXBuildFile; fileRef = 43EF620317A98B1C00F5C115 /* btn_ok.png */; };
		43EF621417A98B1C00F5C115 /* btn_send.png in Resources */ = {isa = PBXBuildFile; fileRef = 43EF620417A98B1C00F5C115 /* btn_send.png */; };
		43EF621517A98B1C00F5C115 /* btn_yes.png in Resources */ = {isa = PBXBuildFile; fileRef = 43EF620517A98B1C00F5C115 /* btn_yes.png */; };
		43EF621617A98B1C00F5C115 /* btn_yes_mini.png in Resources */ = {isa = PBXBuildFile; fileRef = 43EF620617A98B1C00F5C115 /* btn_yes_mini.png */; };
		43EF621717A98B1C00F5C115 /* Default-Landscape.png in Resources */ = {isa = PBXBuildFile; fileRef = 43EF620717A98B1C00F5C115 /* Default-Landscape.png */; };
		43EF621817A98B1C00F5C115 /* q1.png in Resources */ = {isa = PBXBuildFile; fileRef = 43EF620817A98B1C00F5C115 /* q1.png */; };
		43EF621917A98B1C00F5C115 /* q2.png in Resources */ = {isa = PBXBuildFile; fileRef = 43EF620917A98B1C00F5C115 /* q2.png */; };
		43EF621A17A98B1C00F5C115 /* q3.png in Resources */ = {isa = PBXBuildFile; fileRef = 43EF620A17A98B1C00F5C115 /* q3.png */; };
		43EF621B17A98B1C00F5C115 /* q4.png in Resources */ = {isa = PBXBuildFile; fileRef = 43EF620B17A98B1C00F5C115 /* q4.png */; };
		43EF621C17A98B1C00F5C115 /* register.png in Resources */ = {isa = PBXBuildFile; fileRef = 43EF620C17A98B1C00F5C115 /* register.png */; };
		43EF621D17A98B1C00F5C115 /* sumary.png in Resources */ = {isa = PBXBuildFile; fileRef = 43EF620D17A98B1C00F5C115 /* sumary.png */; };
		43EF621E17A98B1C00F5C115 /* thankyou.png in Resources */ = {isa = PBXBuildFile; fileRef = 43EF620E17A98B1C00F5C115 /* thankyou.png */; };
		43EF622A17A995DA00F5C115 /* ViewThank.m in Sources */ = {isa = PBXBuildFile; fileRef = 43EF622917A995DA00F5C115 /* ViewThank.m */; };
		43EF622D17A995E800F5C115 /* ViewSummary.m in Sources */ = {isa = PBXBuildFile; fileRef = 43EF622C17A995E800F5C115 /* ViewSummary.m */; };
		43EF623017A995F500F5C115 /* ViewRegister.m in Sources */ = {isa = PBXBuildFile; fileRef = 43EF622F17A995F500F5C115 /* ViewRegister.m */; };
		43EF623317A9961C00F5C115 /* ViewExport.m in Sources */ = {isa = PBXBuildFile; fileRef = 43EF623217A9961C00F5C115 /* ViewExport.m */; };
		43EF623617A9962900F5C115 /* ViewData.m in Sources */ = {isa = PBXBuildFile; fileRef = 43EF623517A9962900F5C115 /* ViewData.m */; };
		43EF623917A9963300F5C115 /* ViewQ4.m in Sources */ = {isa = PBXBuildFile; fileRef = 43EF623817A9963300F5C115 /* ViewQ4.m */; };
		43EF623C17A9964200F5C115 /* ViewQ3.m in Sources */ = {isa = PBXBuildFile; fileRef = 43EF623B17A9964200F5C115 /* ViewQ3.m */; };
		43EF623F17A9964D00F5C115 /* ViewQ2.m in Sources */ = {isa = PBXBuildFile; fileRef = 43EF623E17A9964D00F5C115 /* ViewQ2.m */; };
		43EF624217A9965900F5C115 /* ViewQ1.m in Sources */ = {isa = PBXBuildFile; fileRef = 43EF624117A9965900F5C115 /* ViewQ1.m */; };
		43EF624617A9992200F5C115 /* API.m in Sources */ = {isa = PBXBuildFile; fileRef = 43EF624517A9992200F5C115 /* API.m */; };
		43EF624A17A9A9CC00F5C115 /* CellUser.m in Sources */ = {isa = PBXBuildFile; fileRef = 43EF624917A9A9CC00F5C115 /* CellUser.m */; };
		43EF625417A9BA2F00F5C115 /* Icon-72.png in Resources */ = {isa = PBXBuildFile; fileRef = 43EF624C17A9BA2F00F5C115 /* Icon-72.png */; };
		43EF625517A9BA2F00F5C115 /* Icon-72@2x.png in Resources */ = {isa = PBXBuildFile; fileRef = 43EF624D17A9BA2F00F5C115 /* Icon-72@2x.png */; };
		43EF625617A9BA2F00F5C115 /* Icon-Small-50.png in Resources */ = {isa = PBXBuildFile; fileRef = 43EF624E17A9BA2F00F5C115 /* Icon-Small-50.png */; };
		43EF625717A9BA2F00F5C115 /* Icon-Small-50@2x.png in Resources */ = {isa = PBXBuildFile; fileRef = 43EF624F17A9BA2F00F5C115 /* Icon-Small-50@2x.png */; };
		43EF625817A9BA2F00F5C115 /* Icon-Small.png in Resources */ = {isa = PBXBuildFile; fileRef = 43EF625017A9BA2F00F5C115 /* Icon-Small.png */; };
		43EF625917A9BA2F00F5C115 /* Icon-Small@2x.png in Resources */ = {isa = PBXBuildFile; fileRef = 43EF625117A9BA2F00F5C115 /* Icon-Small@2x.png */; };
		43EF625A17A9BA2F00F5C115 /* Icon.png in Resources */ = {isa = PBXBuildFile; fileRef = 43EF625217A9BA2F00F5C115 /* Icon.png */; };
		43EF625B17A9BA2F00F5C115 /* Icon@2x.png in Resources */ = {isa = PBXBuildFile; fileRef = 43EF625317A9BA2F00F5C115 /* Icon@2x.png */; };
/* End PBXBuildFile section */

/* Begin PBXFileReference section */
		43EF61CC17A983E000F5C115 /* ELS.app */ = {isa = PBXFileReference; explicitFileType = wrapper.application; includeInIndex = 0; path = ELS.app; sourceTree = BUILT_PRODUCTS_DIR; };
		43EF61CF17A983E000F5C115 /* UIKit.framework */ = {isa = PBXFileReference; lastKnownFileType = wrapper.framework; name = UIKit.framework; path = System/Library/Frameworks/UIKit.framework; sourceTree = SDKROOT; };
		43EF61D117A983E000F5C115 /* Foundation.framework */ = {isa = PBXFileReference; lastKnownFileType = wrapper.framework; name = Foundation.framework; path = System/Library/Frameworks/Foundation.framework; sourceTree = SDKROOT; };
		43EF61D317A983E000F5C115 /* CoreGraphics.framework */ = {isa = PBXFileReference; lastKnownFileType = wrapper.framework; name = CoreGraphics.framework; path = System/Library/Frameworks/CoreGraphics.framework; sourceTree = SDKROOT; };
		43EF61D717A983E000F5C115 /* ELS-Info.plist */ = {isa = PBXFileReference; lastKnownFileType = text.plist.xml; path = "ELS-Info.plist"; sourceTree = "<group>"; };
		43EF61D917A983E000F5C115 /* en */ = {isa = PBXFileReference; lastKnownFileType = text.plist.strings; name = en; path = en.lproj/InfoPlist.strings; sourceTree = "<group>"; };
		43EF61DB17A983E000F5C115 /* main.m */ = {isa = PBXFileReference; lastKnownFileType = sourcecode.c.objc; path = main.m; sourceTree = "<group>"; };
		43EF61DD17A983E000F5C115 /* ELS-Prefix.pch */ = {isa = PBXFileReference; lastKnownFileType = sourcecode.c.h; path = "ELS-Prefix.pch"; sourceTree = "<group>"; };
		43EF61DE17A983E000F5C115 /* ELSAppDelegate.h */ = {isa = PBXFileReference; lastKnownFileType = sourcecode.c.h; path = ELSAppDelegate.h; sourceTree = "<group>"; };
		43EF61DF17A983E000F5C115 /* ELSAppDelegate.m */ = {isa = PBXFileReference; lastKnownFileType = sourcecode.c.objc; path = ELSAppDelegate.m; sourceTree = "<group>"; };
		43EF61E817A983E000F5C115 /* en */ = {isa = PBXFileReference; lastKnownFileType = file.storyboard; name = en; path = en.lproj/MainStoryboard_iPhone.storyboard; sourceTree = "<group>"; };
		43EF61EB17A983E000F5C115 /* en */ = {isa = PBXFileReference; lastKnownFileType = file.storyboard; name = en; path = en.lproj/MainStoryboard_iPad.storyboard; sourceTree = "<group>"; };
		43EF61ED17A983E000F5C115 /* ELSViewController.h */ = {isa = PBXFileReference; lastKnownFileType = sourcecode.c.h; path = ELSViewController.h; sourceTree = "<group>"; };
		43EF61EE17A983E000F5C115 /* ELSViewController.m */ = {isa = PBXFileReference; lastKnownFileType = sourcecode.c.objc; path = ELSViewController.m; sourceTree = "<group>"; };
		43EF61FF17A98B1C00F5C115 /* btn_back.png */ = {isa = PBXFileReference; lastKnownFileType = image.png; path = btn_back.png; sourceTree = "<group>"; };
		43EF620017A98B1C00F5C115 /* btn_edit.png */ = {isa = PBXFileReference; lastKnownFileType = image.png; path = btn_edit.png; sourceTree = "<group>"; };
		43EF620117A98B1C00F5C115 /* btn_no.png */ = {isa = PBXFileReference; lastKnownFileType = image.png; path = btn_no.png; sourceTree = "<group>"; };
		43EF620217A98B1C00F5C115 /* btn_no_mini.png */ = {isa = PBXFileReference; lastKnownFileType = image.png; path = btn_no_mini.png; sourceTree = "<group>"; };
		43EF620317A98B1C00F5C115 /* btn_ok.png */ = {isa = PBXFileReference; lastKnownFileType = image.png; path = btn_ok.png; sourceTree = "<group>"; };
		43EF620417A98B1C00F5C115 /* btn_send.png */ = {isa = PBXFileReference; lastKnownFileType = image.png; path = btn_send.png; sourceTree = "<group>"; };
		43EF620517A98B1C00F5C115 /* btn_yes.png */ = {isa = PBXFileReference; lastKnownFileType = image.png; path = btn_yes.png; sourceTree = "<group>"; };
		43EF620617A98B1C00F5C115 /* btn_yes_mini.png */ = {isa = PBXFileReference; lastKnownFileType = image.png; path = btn_yes_mini.png; sourceTree = "<group>"; };
		43EF620717A98B1C00F5C115 /* Default-Landscape.png */ = {isa = PBXFileReference; lastKnownFileType = image.png; path = "Default-Landscape.png"; sourceTree = "<group>"; };
		43EF620817A98B1C00F5C115 /* q1.png */ = {isa = PBXFileReference; lastKnownFileType = image.png; path = q1.png; sourceTree = "<group>"; };
		43EF620917A98B1C00F5C115 /* q2.png */ = {isa = PBXFileReference; lastKnownFileType = image.png; path = q2.png; sourceTree = "<group>"; };
		43EF620A17A98B1C00F5C115 /* q3.png */ = {isa = PBXFileReference; lastKnownFileType = image.png; path = q3.png; sourceTree = "<group>"; };
		43EF620B17A98B1C00F5C115 /* q4.png */ = {isa = PBXFileReference; lastKnownFileType = image.png; path = q4.png; sourceTree = "<group>"; };
		43EF620C17A98B1C00F5C115 /* register.png */ = {isa = PBXFileReference; lastKnownFileType = image.png; path = register.png; sourceTree = "<group>"; };
		43EF620D17A98B1C00F5C115 /* sumary.png */ = {isa = PBXFileReference; lastKnownFileType = image.png; path = sumary.png; sourceTree = "<group>"; };
		43EF620E17A98B1C00F5C115 /* thankyou.png */ = {isa = PBXFileReference; lastKnownFileType = image.png; path = thankyou.png; sourceTree = "<group>"; };
		43EF622817A995DA00F5C115 /* ViewThank.h */ = {isa = PBXFileReference; fileEncoding = 4; lastKnownFileType = sourcecode.c.h; path = ViewThank.h; sourceTree = "<group>"; };
		43EF622917A995DA00F5C115 /* ViewThank.m */ = {isa = PBXFileReference; fileEncoding = 4; lastKnownFileType = sourcecode.c.objc; path = ViewThank.m; sourceTree = "<group>"; };
		43EF622B17A995E800F5C115 /* ViewSummary.h */ = {isa = PBXFileReference; fileEncoding = 4; lastKnownFileType = sourcecode.c.h; path = ViewSummary.h; sourceTree = "<group>"; };
		43EF622C17A995E800F5C115 /* ViewSummary.m */ = {isa = PBXFileReference; fileEncoding = 4; lastKnownFileType = sourcecode.c.objc; path = ViewSummary.m; sourceTree = "<group>"; };
		43EF622E17A995F500F5C115 /* ViewRegister.h */ = {isa = PBXFileReference; fileEncoding = 4; lastKnownFileType = sourcecode.c.h; path = ViewRegister.h; sourceTree = "<group>"; };
		43EF622F17A995F500F5C115 /* ViewRegister.m */ = {isa = PBXFileReference; fileEncoding = 4; lastKnownFileType = sourcecode.c.objc; path = ViewRegister.m; sourceTree = "<group>"; };
		43EF623117A9961C00F5C115 /* ViewExport.h */ = {isa = PBXFileReference; fileEncoding = 4; lastKnownFileType = sourcecode.c.h; path = ViewExport.h; sourceTree = "<group>"; };
		43EF623217A9961C00F5C115 /* ViewExport.m */ = {isa = PBXFileReference; fileEncoding = 4; lastKnownFileType = sourcecode.c.objc; path = ViewExport.m; sourceTree = "<group>"; };
		43EF623417A9962900F5C115 /* ViewData.h */ = {isa = PBXFileReference; fileEncoding = 4; lastKnownFileType = sourcecode.c.h; path = ViewData.h; sourceTree = "<group>"; };
		43EF623517A9962900F5C115 /* ViewData.m */ = {isa = PBXFileReference; fileEncoding = 4; lastKnownFileType = sourcecode.c.objc; path = ViewData.m; sourceTree = "<group>"; };
		43EF623717A9963300F5C115 /* ViewQ4.h */ = {isa = PBXFileReference; fileEncoding = 4; lastKnownFileType = sourcecode.c.h; path = ViewQ4.h; sourceTree = "<group>"; };
		43EF623817A9963300F5C115 /* ViewQ4.m */ = {isa = PBXFileReference; fileEncoding = 4; lastKnownFileType = sourcecode.c.objc; path = ViewQ4.m; sourceTree = "<group>"; };
		43EF623A17A9964200F5C115 /* ViewQ3.h */ = {isa = PBXFileReference; fileEncoding = 4; lastKnownFileType = sourcecode.c.h; path = ViewQ3.h; sourceTree = "<group>"; };
		43EF623B17A9964200F5C115 /* ViewQ3.m */ = {isa = PBXFileReference; fileEncoding = 4; lastKnownFileType = sourcecode.c.objc; path = ViewQ3.m; sourceTree = "<group>"; };
		43EF623D17A9964D00F5C115 /* ViewQ2.h */ = {isa = PBXFileReference; fileEncoding = 4; lastKnownFileType = sourcecode.c.h; path = ViewQ2.h; sourceTree = "<group>"; };
		43EF623E17A9964D00F5C115 /* ViewQ2.m */ = {isa = PBXFileReference; fileEncoding = 4; lastKnownFileType = sourcecode.c.objc; path = ViewQ2.m; sourceTree = "<group>"; };
		43EF624017A9965900F5C115 /* ViewQ1.h */ = {isa = PBXFileReference; fileEncoding = 4; lastKnownFileType = sourcecode.c.h; path = ViewQ1.h; sourceTree = "<group>"; };
		43EF624117A9965900F5C115 /* ViewQ1.m */ = {isa = PBXFileReference; fileEncoding = 4; lastKnownFileType = sourcecode.c.objc; path = ViewQ1.m; sourceTree = "<group>"; };
		43EF624417A9992200F5C115 /* API.h */ = {isa = PBXFileReference; fileEncoding = 4; lastKnownFileType = sourcecode.c.h; path = API.h; sourceTree = "<group>"; };
		43EF624517A9992200F5C115 /* API.m */ = {isa = PBXFileReference; fileEncoding = 4; lastKnownFileType = sourcecode.c.objc; path = API.m; sourceTree = "<group>"; };
		43EF624817A9A9CC00F5C115 /* CellUser.h */ = {isa = PBXFileReference; fileEncoding = 4; lastKnownFileType = sourcecode.c.h; path = CellUser.h; sourceTree = "<group>"; };
		43EF624917A9A9CC00F5C115 /* CellUser.m */ = {isa = PBXFileReference; fileEncoding = 4; lastKnownFileType = sourcecode.c.objc; path = CellUser.m; sourceTree = "<group>"; };
		43EF624C17A9BA2F00F5C115 /* Icon-72.png */ = {isa = PBXFileReference; lastKnownFileType = image.png; path = "Icon-72.png"; sourceTree = "<group>"; };
		43EF624D17A9BA2F00F5C115 /* Icon-72@2x.png */ = {isa = PBXFileReference; lastKnownFileType = image.png; path = "Icon-72@2x.png"; sourceTree = "<group>"; };
		43EF624E17A9BA2F00F5C115 /* Icon-Small-50.png */ = {isa = PBXFileReference; lastKnownFileType = image.png; path = "Icon-Small-50.png"; sourceTree = "<group>"; };
		43EF624F17A9BA2F00F5C115 /* Icon-Small-50@2x.png */ = {isa = PBXFileReference; lastKnownFileType = image.png; path = "Icon-Small-50@2x.png"; sourceTree = "<group>"; };
		43EF625017A9BA2F00F5C115 /* Icon-Small.png */ = {isa = PBXFileReference; lastKnownFileType = image.png; path = "Icon-Small.png"; sourceTree = "<group>"; };
		43EF625117A9BA2F00F5C115 /* Icon-Small@2x.png */ = {isa = PBXFileReference; lastKnownFileType = image.png; path = "Icon-Small@2x.png"; sourceTree = "<group>"; };
		43EF625217A9BA2F00F5C115 /* Icon.png */ = {isa = PBXFileReference; lastKnownFileType = image.png; path = Icon.png; sourceTree = "<group>"; };
		43EF625317A9BA2F00F5C115 /* Icon@2x.png */ = {isa = PBXFileReference; lastKnownFileType = image.png; path = "Icon@2x.png"; sourceTree = "<group>"; };
/* End PBXFileReference section */

/* Begin PBXFrameworksBuildPhase section */
		43EF61C917A983E000F5C115 /* Frameworks */ = {
			isa = PBXFrameworksBuildPhase;
			buildActionMask = 2147483647;
			files = (
				43EF61D017A983E000F5C115 /* UIKit.framework in Frameworks */,
				43EF61D217A983E000F5C115 /* Foundation.framework in Frameworks */,
				43EF61D417A983E000F5C115 /* CoreGraphics.framework in Frameworks */,
			);
			runOnlyForDeploymentPostprocessing = 0;
		};
/* End PBXFrameworksBuildPhase section */

/* Begin PBXGroup section */
		43EF61C317A983E000F5C115 = {
			isa = PBXGroup;
			children = (
				43EF61D517A983E000F5C115 /* ELS */,
				43EF61CE17A983E000F5C115 /* Frameworks */,
				43EF61CD17A983E000F5C115 /* Products */,
			);
			sourceTree = "<group>";
		};
		43EF61CD17A983E000F5C115 /* Products */ = {
			isa = PBXGroup;
			children = (
				43EF61CC17A983E000F5C115 /* ELS.app */,
			);
			name = Products;
			sourceTree = "<group>";
		};
		43EF61CE17A983E000F5C115 /* Frameworks */ = {
			isa = PBXGroup;
			children = (
				43EF61CF17A983E000F5C115 /* UIKit.framework */,
				43EF61D117A983E000F5C115 /* Foundation.framework */,
				43EF61D317A983E000F5C115 /* CoreGraphics.framework */,
			);
			name = Frameworks;
			sourceTree = "<group>";
		};
		43EF61D517A983E000F5C115 /* ELS */ = {
			isa = PBXGroup;
			children = (
				43EF61DE17A983E000F5C115 /* ELSAppDelegate.h */,
				43EF61DF17A983E000F5C115 /* ELSAppDelegate.m */,
				43EF61E717A983E000F5C115 /* MainStoryboard_iPhone.storyboard */,
				43EF61EA17A983E000F5C115 /* MainStoryboard_iPad.storyboard */,
				43EF61ED17A983E000F5C115 /* ELSViewController.h */,
				43EF61EE17A983E000F5C115 /* ELSViewController.m */,
				43EF624317A9991300F5C115 /* API */,
				43EF621F17A995BF00F5C115 /* ViewThank */,
				43EF622017A995BF00F5C115 /* ViewSummary */,
				43EF622117A995BF00F5C115 /* ViewRegister */,
				43EF622217A995BF00F5C115 /* ViewExport */,
				43EF622317A995BF00F5C115 /* ViewData */,
				43EF622417A995BF00F5C115 /* ViewQ4 */,
				43EF622517A995BF00F5C115 /* ViewQ3 */,
				43EF622617A995BF00F5C115 /* ViewQ2 */,
				43EF622717A995BF00F5C115 /* ViewQ1 */,
				43EF61FE17A98B1C00F5C115 /* Images */,
				43EF624B17A9BA2F00F5C115 /* icon */,
				43EF61D617A983E000F5C115 /* Supporting Files */,
			);
			path = ELS;
			sourceTree = "<group>";
		};
		43EF61D617A983E000F5C115 /* Supporting Files */ = {
			isa = PBXGroup;
			children = (
				43EF61D717A983E000F5C115 /* ELS-Info.plist */,
				43EF61D817A983E000F5C115 /* InfoPlist.strings */,
				43EF61DB17A983E000F5C115 /* main.m */,
				43EF61DD17A983E000F5C115 /* ELS-Prefix.pch */,
			);
			name = "Supporting Files";
			sourceTree = "<group>";
		};
		43EF61FE17A98B1C00F5C115 /* Images */ = {
			isa = PBXGroup;
			children = (
				43EF61FF17A98B1C00F5C115 /* btn_back.png */,
				43EF620017A98B1C00F5C115 /* btn_edit.png */,
				43EF620117A98B1C00F5C115 /* btn_no.png */,
				43EF620217A98B1C00F5C115 /* btn_no_mini.png */,
				43EF620317A98B1C00F5C115 /* btn_ok.png */,
				43EF620417A98B1C00F5C115 /* btn_send.png */,
				43EF620517A98B1C00F5C115 /* btn_yes.png */,
				43EF620617A98B1C00F5C115 /* btn_yes_mini.png */,
				43EF620717A98B1C00F5C115 /* Default-Landscape.png */,
				43EF620817A98B1C00F5C115 /* q1.png */,
				43EF620917A98B1C00F5C115 /* q2.png */,
				43EF620A17A98B1C00F5C115 /* q3.png */,
				43EF620B17A98B1C00F5C115 /* q4.png */,
				43EF620C17A98B1C00F5C115 /* register.png */,
				43EF620D17A98B1C00F5C115 /* sumary.png */,
				43EF620E17A98B1C00F5C115 /* thankyou.png */,
			);
			path = Images;
			sourceTree = SOURCE_ROOT;
		};
		43EF621F17A995BF00F5C115 /* ViewThank */ = {
			isa = PBXGroup;
			children = (
				43EF622817A995DA00F5C115 /* ViewThank.h */,
				43EF622917A995DA00F5C115 /* ViewThank.m */,
			);
			path = ViewThank;
			sourceTree = "<group>";
		};
		43EF622017A995BF00F5C115 /* ViewSummary */ = {
			isa = PBXGroup;
			children = (
				43EF622B17A995E800F5C115 /* ViewSummary.h */,
				43EF622C17A995E800F5C115 /* ViewSummary.m */,
			);
			path = ViewSummary;
			sourceTree = "<group>";
		};
		43EF622117A995BF00F5C115 /* ViewRegister */ = {
			isa = PBXGroup;
			children = (
				43EF622E17A995F500F5C115 /* ViewRegister.h */,
				43EF622F17A995F500F5C115 /* ViewRegister.m */,
			);
			path = ViewRegister;
			sourceTree = "<group>";
		};
		43EF622217A995BF00F5C115 /* ViewExport */ = {
			isa = PBXGroup;
			children = (
				43EF623117A9961C00F5C115 /* ViewExport.h */,
				43EF623217A9961C00F5C115 /* ViewExport.m */,
			);
			path = ViewExport;
			sourceTree = "<group>";
		};
		43EF622317A995BF00F5C115 /* ViewData */ = {
			isa = PBXGroup;
			children = (
				43EF624717A9A9B800F5C115 /* CellUser */,
				43EF623417A9962900F5C115 /* ViewData.h */,
				43EF623517A9962900F5C115 /* ViewData.m */,
			);
			path = ViewData;
			sourceTree = "<group>";
		};
		43EF622417A995BF00F5C115 /* ViewQ4 */ = {
			isa = PBXGroup;
			children = (
				43EF623717A9963300F5C115 /* ViewQ4.h */,
				43EF623817A9963300F5C115 /* ViewQ4.m */,
			);
			path = ViewQ4;
			sourceTree = "<group>";
		};
		43EF622517A995BF00F5C115 /* ViewQ3 */ = {
			isa = PBXGroup;
			children = (
				43EF623A17A9964200F5C115 /* ViewQ3.h */,
				43EF623B17A9964200F5C115 /* ViewQ3.m */,
			);
			path = ViewQ3;
			sourceTree = "<group>";
		};
		43EF622617A995BF00F5C115 /* ViewQ2 */ = {
			isa = PBXGroup;
			children = (
				43EF623D17A9964D00F5C115 /* ViewQ2.h */,
				43EF623E17A9964D00F5C115 /* ViewQ2.m */,
			);
			path = ViewQ2;
			sourceTree = "<group>";
		};
		43EF622717A995BF00F5C115 /* ViewQ1 */ = {
			isa = PBXGroup;
			children = (
				43EF624017A9965900F5C115 /* ViewQ1.h */,
				43EF624117A9965900F5C115 /* ViewQ1.m */,
			);
			path = ViewQ1;
			sourceTree = "<group>";
		};
		43EF624317A9991300F5C115 /* API */ = {
			isa = PBXGroup;
			children = (
				43EF624417A9992200F5C115 /* API.h */,
				43EF624517A9992200F5C115 /* API.m */,
			);
			path = API;
			sourceTree = "<group>";
		};
		43EF624717A9A9B800F5C115 /* CellUser */ = {
			isa = PBXGroup;
			children = (
				43EF624817A9A9CC00F5C115 /* CellUser.h */,
				43EF624917A9A9CC00F5C115 /* CellUser.m */,
			);
			path = CellUser;
			sourceTree = "<group>";
		};
		43EF624B17A9BA2F00F5C115 /* icon */ = {
			isa = PBXGroup;
			children = (
				43EF624C17A9BA2F00F5C115 /* Icon-72.png */,
				43EF624D17A9BA2F00F5C115 /* Icon-72@2x.png */,
				43EF624E17A9BA2F00F5C115 /* Icon-Small-50.png */,
				43EF624F17A9BA2F00F5C115 /* Icon-Small-50@2x.png */,
				43EF625017A9BA2F00F5C115 /* Icon-Small.png */,
				43EF625117A9BA2F00F5C115 /* Icon-Small@2x.png */,
				43EF625217A9BA2F00F5C115 /* Icon.png */,
				43EF625317A9BA2F00F5C115 /* Icon@2x.png */,
			);
			path = icon;
			sourceTree = SOURCE_ROOT;
		};
/* End PBXGroup section */

/* Begin PBXNativeTarget section */
		43EF61CB17A983E000F5C115 /* ELS */ = {
			isa = PBXNativeTarget;
			buildConfigurationList = 43EF61F217A983E000F5C115 /* Build configuration list for PBXNativeTarget "ELS" */;
			buildPhases = (
				43EF61C817A983E000F5C115 /* Sources */,
				43EF61C917A983E000F5C115 /* Frameworks */,
				43EF61CA17A983E000F5C115 /* Resources */,
			);
			buildRules = (
			);
			dependencies = (
			);
			name = ELS;
			productName = ELS;
			productReference = 43EF61CC17A983E000F5C115 /* ELS.app */;
			productType = "com.apple.product-type.application";
		};
/* End PBXNativeTarget section */

/* Begin PBXProject section */
		43EF61C417A983E000F5C115 /* Project object */ = {
			isa = PBXProject;
			attributes = {
				CLASSPREFIX = ELS;
				LastUpgradeCheck = 0460;
				ORGANIZATIONNAME = saranpol;
			};
			buildConfigurationList = 43EF61C717A983E000F5C115 /* Build configuration list for PBXProject "ELS" */;
			compatibilityVersion = "Xcode 3.2";
			developmentRegion = English;
			hasScannedForEncodings = 0;
			knownRegions = (
				en,
			);
			mainGroup = 43EF61C317A983E000F5C115;
			productRefGroup = 43EF61CD17A983E000F5C115 /* Products */;
			projectDirPath = "";
			projectRoot = "";
			targets = (
				43EF61CB17A983E000F5C115 /* ELS */,
			);
		};
/* End PBXProject section */

/* Begin PBXResourcesBuildPhase section */
		43EF61CA17A983E000F5C115 /* Resources */ = {
			isa = PBXResourcesBuildPhase;
			buildActionMask = 2147483647;
			files = (
				43EF61DA17A983E000F5C115 /* InfoPlist.strings in Resources */,
				43EF61E917A983E000F5C115 /* MainStoryboard_iPhone.storyboard in Resources */,
				43EF61EC17A983E000F5C115 /* MainStoryboard_iPad.storyboard in Resources */,
				43EF620F17A98B1C00F5C115 /* btn_back.png in Resources */,
				43EF621017A98B1C00F5C115 /* btn_edit.png in Resources */,
				43EF621117A98B1C00F5C115 /* btn_no.png in Resources */,
				43EF621217A98B1C00F5C115 /* btn_no_mini.png in Resources */,
				43EF621317A98B1C00F5C115 /* btn_ok.png in Resources */,
				43EF621417A98B1C00F5C115 /* btn_send.png in Resources */,
				43EF621517A98B1C00F5C115 /* btn_yes.png in Resources */,
				43EF621617A98B1C00F5C115 /* btn_yes_mini.png in Resources */,
				43EF621717A98B1C00F5C115 /* Default-Landscape.png in Resources */,
				43EF621817A98B1C00F5C115 /* q1.png in Resources */,
				43EF621917A98B1C00F5C115 /* q2.png in Resources */,
				43EF621A17A98B1C00F5C115 /* q3.png in Resources */,
				43EF621B17A98B1C00F5C115 /* q4.png in Resources */,
				43EF621C17A98B1C00F5C115 /* register.png in Resources */,
				43EF621D17A98B1C00F5C115 /* sumary.png in Resources */,
				43EF621E17A98B1C00F5C115 /* thankyou.png in Resources */,
				43EF625417A9BA2F00F5C115 /* Icon-72.png in Resources */,
				43EF625517A9BA2F00F5C115 /* Icon-72@2x.png in Resources */,
				43EF625617A9BA2F00F5C115 /* Icon-Small-50.png in Resources */,
				43EF625717A9BA2F00F5C115 /* Icon-Small-50@2x.png in Resources */,
				43EF625817A9BA2F00F5C115 /* Icon-Small.png in Resources */,
				43EF625917A9BA2F00F5C115 /* Icon-Small@2x.png in Resources */,
				43EF625A17A9BA2F00F5C115 /* Icon.png in Resources */,
				43EF625B17A9BA2F00F5C115 /* Icon@2x.png in Resources */,
			);
			runOnlyForDeploymentPostprocessing = 0;
		};
/* End PBXResourcesBuildPhase section */

/* Begin PBXSourcesBuildPhase section */
		43EF61C817A983E000F5C115 /* Sources */ = {
			isa = PBXSourcesBuildPhase;
			buildActionMask = 2147483647;
			files = (
				43EF61DC17A983E000F5C115 /* main.m in Sources */,
				43EF61E017A983E000F5C115 /* ELSAppDelegate.m in Sources */,
				43EF61EF17A983E000F5C115 /* ELSViewController.m in Sources */,
				43EF622A17A995DA00F5C115 /* ViewThank.m in Sources */,
				43EF622D17A995E800F5C115 /* ViewSummary.m in Sources */,
				43EF623017A995F500F5C115 /* ViewRegister.m in Sources */,
				43EF623317A9961C00F5C115 /* ViewExport.m in Sources */,
				43EF623617A9962900F5C115 /* ViewData.m in Sources */,
				43EF623917A9963300F5C115 /* ViewQ4.m in Sources */,
				43EF623C17A9964200F5C115 /* ViewQ3.m in Sources */,
				43EF623F17A9964D00F5C115 /* ViewQ2.m in Sources */,
				43EF624217A9965900F5C115 /* ViewQ1.m in Sources */,
				43EF624617A9992200F5C115 /* API.m in Sources */,
				43EF624A17A9A9CC00F5C115 /* CellUser.m in Sources */,
			);
			runOnlyForDeploymentPostprocessing = 0;
		};
/* End PBXSourcesBuildPhase section */

/* Begin PBXVariantGroup section */
		43EF61D817A983E000F5C115 /* InfoPlist.strings */ = {
			isa = PBXVariantGroup;
			children = (
				43EF61D917A983E000F5C115 /* en */,
			);
			name = InfoPlist.strings;
			sourceTree = "<group>";
		};
		43EF61E717A983E000F5C115 /* MainStoryboard_iPhone.storyboard */ = {
			isa = PBXVariantGroup;
			children = (
				43EF61E817A983E000F5C115 /* en */,
			);
			name = MainStoryboard_iPhone.storyboard;
			sourceTree = "<group>";
		};
		43EF61EA17A983E000F5C115 /* MainStoryboard_iPad.storyboard */ = {
			isa = PBXVariantGroup;
			children = (
				43EF61EB17A983E000F5C115 /* en */,
			);
			name = MainStoryboard_iPad.storyboard;
			sourceTree = "<group>";
		};
/* End PBXVariantGroup section */

/* Begin XCBuildConfiguration section */
		43EF61F017A983E000F5C115 /* Debug */ = {
			isa = XCBuildConfiguration;
			buildSettings = {
				ALWAYS_SEARCH_USER_PATHS = NO;
				CLANG_CXX_LANGUAGE_STANDARD = "gnu++0x";
				CLANG_CXX_LIBRARY = "libc++";
				CLANG_ENABLE_OBJC_ARC = YES;
				CLANG_WARN_CONSTANT_CONVERSION = YES;
				CLANG_WARN_EMPTY_BODY = YES;
				CLANG_WARN_ENUM_CONVERSION = YES;
				CLANG_WARN_INT_CONVERSION = YES;
				CLANG_WARN__DUPLICATE_METHOD_MATCH = YES;
				CODE_SIGN_IDENTITY = "iPhone Distribution: Hua Lampong Company Limited";
				"CODE_SIGN_IDENTITY[sdk=iphoneos*]" = "iPhone Distribution: Hua Lampong Company Limited";
				COPY_PHASE_STRIP = NO;
				GCC_C_LANGUAGE_STANDARD = gnu99;
				GCC_DYNAMIC_NO_PIC = NO;
				GCC_OPTIMIZATION_LEVEL = 0;
				GCC_PREPROCESSOR_DEFINITIONS = (
					"DEBUG=1",
					"$(inherited)",
				);
				GCC_SYMBOLS_PRIVATE_EXTERN = NO;
				GCC_WARN_ABOUT_RETURN_TYPE = YES;
				GCC_WARN_UNINITIALIZED_AUTOS = YES;
				GCC_WARN_UNUSED_VARIABLE = YES;
				IPHONEOS_DEPLOYMENT_TARGET = 6.1;
				ONLY_ACTIVE_ARCH = YES;
				PROVISIONING_PROFILE = "8118B675-B796-496F-925C-FC9AD57FA07C";
				"PROVISIONING_PROFILE[sdk=iphoneos*]" = "8118B675-B796-496F-925C-FC9AD57FA07C";
				SDKROOT = iphoneos;
				TARGETED_DEVICE_FAMILY = "1,2";
			};
			name = Debug;
		};
		43EF61F117A983E000F5C115 /* Release */ = {
			isa = XCBuildConfiguration;
			buildSettings = {
				ALWAYS_SEARCH_USER_PATHS = NO;
				CLANG_CXX_LANGUAGE_STANDARD = "gnu++0x";
				CLANG_CXX_LIBRARY = "libc++";
				CLANG_ENABLE_OBJC_ARC = YES;
				CLANG_WARN_CONSTANT_CONVERSION = YES;
				CLANG_WARN_EMPTY_BODY = YES;
				CLANG_WARN_ENUM_CONVERSION = YES;
				CLANG_WARN_INT_CONVERSION = YES;
				CLANG_WARN__DUPLICATE_METHOD_MATCH = YES;
				CODE_SIGN_IDENTITY = "iPhone Distribution: Hua Lampong Company Limited";
				"CODE_SIGN_IDENTITY[sdk=iphoneos*]" = "iPhone Distribution: Hua Lampong Company Limited";
				COPY_PHASE_STRIP = YES;
				GCC_C_LANGUAGE_STANDARD = gnu99;
				GCC_WARN_ABOUT_RETURN_TYPE = YES;
				GCC_WARN_UNINITIALIZED_AUTOS = YES;
				GCC_WARN_UNUSED_VARIABLE = YES;
				IPHONEOS_DEPLOYMENT_TARGET = 6.1;
				OTHER_CFLAGS = "-DNS_BLOCK_ASSERTIONS=1";
				PROVISIONING_PROFILE = "8118B675-B796-496F-925C-FC9AD57FA07C";
				"PROVISIONING_PROFILE[sdk=iphoneos*]" = "8118B675-B796-496F-925C-FC9AD57FA07C";
				SDKROOT = iphoneos;
				TARGETED_DEVICE_FAMILY = "1,2";
				VALIDATE_PRODUCT = YES;
			};
			name = Release;
		};
		43EF61F317A983E000F5C115 /* Debug */ = {
			isa = XCBuildConfiguration;
			buildSettings = {
				GCC_PRECOMPILE_PREFIX_HEADER = YES;
				GCC_PREFIX_HEADER = "ELS/ELS-Prefix.pch";
				INFOPLIST_FILE = "ELS/ELS-Info.plist";
				IPHONEOS_DEPLOYMENT_TARGET = 6.1;
				PRODUCT_NAME = "$(TARGET_NAME)";
				TARGETED_DEVICE_FAMILY = 2;
				WRAPPER_EXTENSION = app;
			};
			name = Debug;
		};
		43EF61F417A983E000F5C115 /* Release */ = {
			isa = XCBuildConfiguration;
			buildSettings = {
				GCC_PRECOMPILE_PREFIX_HEADER = YES;
				GCC_PREFIX_HEADER = "ELS/ELS-Prefix.pch";
				INFOPLIST_FILE = "ELS/ELS-Info.plist";
				IPHONEOS_DEPLOYMENT_TARGET = 6.1;
				PRODUCT_NAME = "$(TARGET_NAME)";
				TARGETED_DEVICE_FAMILY = 2;
				WRAPPER_EXTENSION = app;
			};
			name = Release;
		};
/* End XCBuildConfiguration section */

/* Begin XCConfigurationList section */
		43EF61C717A983E000F5C115 /* Build configuration list for PBXProject "ELS" */ = {
			isa = XCConfigurationList;
			buildConfigurations = (
				43EF61F017A983E000F5C115 /* Debug */,
				43EF61F117A983E000F5C115 /* Release */,
			);
			defaultConfigurationIsVisible = 0;
			defaultConfigurationName = Release;
		};
		43EF61F217A983E000F5C115 /* Build configuration list for PBXNativeTarget "ELS" */ = {
			isa = XCConfigurationList;
			buildConfigurations = (
				43EF61F317A983E000F5C115 /* Debug */,
				43EF61F417A983E000F5C115 /* Release */,
			);
			defaultConfigurationIsVisible = 0;
			defaultConfigurationName = Release;
		};
/* End XCConfigurationList section */
	};
	rootObject = 43EF61C417A983E000F5C115 /* Project object */;
}
